
Microsoft Visual Studio Solution File, Format Version 12.00
# Visual Studio 14
VisualStudioVersion = 14.0.23107.0
MinimumVisualStudioVersion = 10.0.40219.1
Project("{FAE04EC0-301F-11D3-BF4B-00C04F79EFBC}") = "AG", "AG\AG.csproj", "{58A3B319-72A7-45F7-B172-AC97B925E237}"
EndProject
Project("{FAE04EC0-301F-11D3-BF4B-00C04F79EFBC}") = "HostApplication", "HostApplication\HostApplication.csproj", "{3CBCAE47-2D70-4038-8A9E-7604A9124275}"
EndProject
Project("{FAE04EC0-301F-11D3-BF4B-00C04F79EFBC}") = "MSMQReceiverApp", "..\..\..\..\Source\Workspaces\MCRS\OnPrem\Hitachi.MCRS\MSMQReceiverApp\MSMQReceiverApp.csproj", "{0C1CBF76-F41F-4DB3-A2DB-4BAAF6BAE7B5}"
EndProject
Project("{FAE04EC0-301F-11D3-BF4B-00C04F79EFBC}") = "ProcessingMSMQApp", "..\..\..\..\Source\Workspaces\MCRS\OnPrem\Hitachi.MCRS\ProcessingMSMQApp\ProcessingMSMQApp.csproj", "{B41D7587-1114-4C35-B465-D5908861D52C}"
EndProject
Project("{FAE04EC0-301F-11D3-BF4B-00C04F79EFBC}") = "CronService", "CronService\CronService.csproj", "{CC7E47A2-75DA-44ED-94BE-50351B50927C}"
EndProject
Project("{FAE04EC0-301F-11D3-BF4B-00C04F79EFBC}") = "MSMQReceiverService", "MSMQReceiverService\MSMQReceiverService.csproj", "{13178B61-3C6A-48E2-BEE2-29325B02E4CA}"
EndProject
Project("{FAE04EC0-301F-11D3-BF4B-00C04F79EFBC}") = "MyTask", "MyTask\MyTask.csproj", "{BFF2AB05-5D7C-4D34-BFC8-9A84899C76FA}"
EndProject
Project("{FAE04EC0-301F-11D3-BF4B-00C04F79EFBC}") = "NLogExample", "NLogExample\NLogExample.csproj", "{0F0B462C-FB7C-4449-8DFD-21C4DDB30712}"
EndProject
Project("{FAE04EC0-301F-11D3-BF4B-00C04F79EFBC}") = "InstallingCronTask", "InstallingCronTask\InstallingCronTask.csproj", "{B2FF7968-E033-48C2-8DB9-19748F51AD95}"
EndProject
Project("{FAE04EC0-301F-11D3-BF4B-00C04F79EFBC}") = "WindsorExample", "WindsorExample\WindsorExample.csproj", "{67261DEA-A179-435C-9613-81B5F97E535C}"
EndProject
Project("{FAE04EC0-301F-11D3-BF4B-00C04F79EFBC}") = "CodeKataOne", "CodeKataOne\CodeKataOne.csproj", "{E4920D8B-CB23-425C-BB5B-0519D474022E}"
EndProject
Project("{2150E333-8FDC-42A3-9474-1A3956D46DE8}") = "MCRS_MSMQ", "MCRS_MSMQ", "{47523734-4B94-4780-982B-B19AB22027F2}"
EndProject
Project("{2150E333-8FDC-42A3-9474-1A3956D46DE8}") = "Katas", "Katas", "{0774B827-3CEC-4EBC-A24F-F5B386DA65D5}"
EndProject
Project("{2150E333-8FDC-42A3-9474-1A3956D46DE8}") = "Cron", "Cron", "{70382BDE-8E2D-476A-9AB2-ECA2EF5A89A8}"
EndProject
Project("{2150E333-8FDC-42A3-9474-1A3956D46DE8}") = "Tasks", "Tasks", "{79A89FD9-5042-4035-93C2-F96B40B2B11B}"
EndProject
Project("{2150E333-8FDC-42A3-9474-1A3956D46DE8}") = "NLog", "NLog", "{6E9A2D00-17E3-478F-AF8D-97F66597B5C3}"
EndProject
Project("{2150E333-8FDC-42A3-9474-1A3956D46DE8}") = "NinjaEF_Unfinished", "NinjaEF_Unfinished", "{A1E2D70A-D73C-4539-93CE-4395EDEE0CAB}"
EndProject
Project("{FAE04EC0-301F-11D3-BF4B-00C04F79EFBC}") = "NinjaDomain.Classes", "NinjaDomain.Classes\NinjaDomain.Classes.csproj", "{D7E9257D-023B-4F1E-91A1-77CF88AF40BA}"
EndProject
Project("{FAE04EC0-301F-11D3-BF4B-00C04F79EFBC}") = "NinjaDomain.DataModel", "NinjaDomain.DataModel\NinjaDomain.DataModel.csproj", "{F3073051-A2A6-4CF6-9A08-8C6888BFE19F}"
EndProject
Project("{2150E333-8FDC-42A3-9474-1A3956D46DE8}") = "SchoolEF", "SchoolEF", "{C4C04023-A17F-418C-8FB1-91CCCCDDE3B0}"
EndProject
Project("{FAE04EC0-301F-11D3-BF4B-00C04F79EFBC}") = "ContosoUniversity", "ContosoUniversity\ContosoUniversity.csproj", "{1924FDD9-64D9-4C74-884D-1D27BAE4BC8F}"
EndProject
Global
	GlobalSection(SolutionConfigurationPlatforms) = preSolution
		Debug|Any CPU = Debug|Any CPU
		Release|Any CPU = Release|Any CPU
	EndGlobalSection
	GlobalSection(ProjectConfigurationPlatforms) = postSolution
		{58A3B319-72A7-45F7-B172-AC97B925E237}.Debug|Any CPU.ActiveCfg = Debug|Any CPU
		{58A3B319-72A7-45F7-B172-AC97B925E237}.Debug|Any CPU.Build.0 = Debug|Any CPU
		{58A3B319-72A7-45F7-B172-AC97B925E237}.Release|Any CPU.ActiveCfg = Release|Any CPU
		{58A3B319-72A7-45F7-B172-AC97B925E237}.Release|Any CPU.Build.0 = Release|Any CPU
		{3CBCAE47-2D70-4038-8A9E-7604A9124275}.Debug|Any CPU.ActiveCfg = Debug|Any CPU
		{3CBCAE47-2D70-4038-8A9E-7604A9124275}.Debug|Any CPU.Build.0 = Debug|Any CPU
		{3CBCAE47-2D70-4038-8A9E-7604A9124275}.Release|Any CPU.ActiveCfg = Release|Any CPU
		{3CBCAE47-2D70-4038-8A9E-7604A9124275}.Release|Any CPU.Build.0 = Release|Any CPU
		{0C1CBF76-F41F-4DB3-A2DB-4BAAF6BAE7B5}.Debug|Any CPU.ActiveCfg = Debug|Any CPU
		{0C1CBF76-F41F-4DB3-A2DB-4BAAF6BAE7B5}.Debug|Any CPU.Build.0 = Debug|Any CPU
		{0C1CBF76-F41F-4DB3-A2DB-4BAAF6BAE7B5}.Release|Any CPU.ActiveCfg = Release|Any CPU
		{0C1CBF76-F41F-4DB3-A2DB-4BAAF6BAE7B5}.Release|Any CPU.Build.0 = Release|Any CPU
		{B41D7587-1114-4C35-B465-D5908861D52C}.Debug|Any CPU.ActiveCfg = Debug|Any CPU
		{B41D7587-1114-4C35-B465-D5908861D52C}.Debug|Any CPU.Build.0 = Debug|Any CPU
		{B41D7587-1114-4C35-B465-D5908861D52C}.Release|Any CPU.ActiveCfg = Release|Any CPU
		{B41D7587-1114-4C35-B465-D5908861D52C}.Release|Any CPU.Build.0 = Release|Any CPU
		{CC7E47A2-75DA-44ED-94BE-50351B50927C}.Debug|Any CPU.ActiveCfg = Debug|Any CPU
		{CC7E47A2-75DA-44ED-94BE-50351B50927C}.Debug|Any CPU.Build.0 = Debug|Any CPU
		{CC7E47A2-75DA-44ED-94BE-50351B50927C}.Release|Any CPU.ActiveCfg = Release|Any CPU
		{CC7E47A2-75DA-44ED-94BE-50351B50927C}.Release|Any CPU.Build.0 = Release|Any CPU
		{13178B61-3C6A-48E2-BEE2-29325B02E4CA}.Debug|Any CPU.ActiveCfg = Debug|Any CPU
		{13178B61-3C6A-48E2-BEE2-29325B02E4CA}.Debug|Any CPU.Build.0 = Debug|Any CPU
		{13178B61-3C6A-48E2-BEE2-29325B02E4CA}.Release|Any CPU.ActiveCfg = Release|Any CPU
		{13178B61-3C6A-48E2-BEE2-29325B02E4CA}.Release|Any CPU.Build.0 = Release|Any CPU
		{BFF2AB05-5D7C-4D34-BFC8-9A84899C76FA}.Debug|Any CPU.ActiveCfg = Debug|Any CPU
		{BFF2AB05-5D7C-4D34-BFC8-9A84899C76FA}.Debug|Any CPU.Build.0 = Debug|Any CPU
		{BFF2AB05-5D7C-4D34-BFC8-9A84899C76FA}.Release|Any CPU.ActiveCfg = Release|Any CPU
		{BFF2AB05-5D7C-4D34-BFC8-9A84899C76FA}.Release|Any CPU.Build.0 = Release|Any CPU
		{0F0B462C-FB7C-4449-8DFD-21C4DDB30712}.Debug|Any CPU.ActiveCfg = Debug|Any CPU
		{0F0B462C-FB7C-4449-8DFD-21C4DDB30712}.Debug|Any CPU.Build.0 = Debug|Any CPU
		{0F0B462C-FB7C-4449-8DFD-21C4DDB30712}.Release|Any CPU.ActiveCfg = Release|Any CPU
		{0F0B462C-FB7C-4449-8DFD-21C4DDB30712}.Release|Any CPU.Build.0 = Release|Any CPU
		{B2FF7968-E033-48C2-8DB9-19748F51AD95}.Debug|Any CPU.ActiveCfg = Debug|Any CPU
		{B2FF7968-E033-48C2-8DB9-19748F51AD95}.Debug|Any CPU.Build.0 = Debug|Any CPU
		{B2FF7968-E033-48C2-8DB9-19748F51AD95}.Release|Any CPU.ActiveCfg = Release|Any CPU
		{B2FF7968-E033-48C2-8DB9-19748F51AD95}.Release|Any CPU.Build.0 = Release|Any CPU
		{67261DEA-A179-435C-9613-81B5F97E535C}.Debug|Any CPU.ActiveCfg = Debug|Any CPU
		{67261DEA-A179-435C-9613-81B5F97E535C}.Debug|Any CPU.Build.0 = Debug|Any CPU
		{67261DEA-A179-435C-9613-81B5F97E535C}.Release|Any CPU.ActiveCfg = Release|Any CPU
		{67261DEA-A179-435C-9613-81B5F97E535C}.Release|Any CPU.Build.0 = Release|Any CPU
		{E4920D8B-CB23-425C-BB5B-0519D474022E}.Debug|Any CPU.ActiveCfg = Debug|Any CPU
		{E4920D8B-CB23-425C-BB5B-0519D474022E}.Debug|Any CPU.Build.0 = Debug|Any CPU
		{E4920D8B-CB23-425C-BB5B-0519D474022E}.Release|Any CPU.ActiveCfg = Release|Any CPU
		{E4920D8B-CB23-425C-BB5B-0519D474022E}.Release|Any CPU.Build.0 = Release|Any CPU
		{D7E9257D-023B-4F1E-91A1-77CF88AF40BA}.Debug|Any CPU.ActiveCfg = Debug|Any CPU
		{D7E9257D-023B-4F1E-91A1-77CF88AF40BA}.Debug|Any CPU.Build.0 = Debug|Any CPU
		{D7E9257D-023B-4F1E-91A1-77CF88AF40BA}.Release|Any CPU.ActiveCfg = Release|Any CPU
		{D7E9257D-023B-4F1E-91A1-77CF88AF40BA}.Release|Any CPU.Build.0 = Release|Any CPU
		{F3073051-A2A6-4CF6-9A08-8C6888BFE19F}.Debug|Any CPU.ActiveCfg = Debug|Any CPU
		{F3073051-A2A6-4CF6-9A08-8C6888BFE19F}.Debug|Any CPU.Build.0 = Debug|Any CPU
		{F3073051-A2A6-4CF6-9A08-8C6888BFE19F}.Release|Any CPU.ActiveCfg = Release|Any CPU
		{F3073051-A2A6-4CF6-9A08-8C6888BFE19F}.Release|Any CPU.Build.0 = Release|Any CPU
		{1924FDD9-64D9-4C74-884D-1D27BAE4BC8F}.Debug|Any CPU.ActiveCfg = Debug|Any CPU
		{1924FDD9-64D9-4C74-884D-1D27BAE4BC8F}.Debug|Any CPU.Build.0 = Debug|Any CPU
		{1924FDD9-64D9-4C74-884D-1D27BAE4BC8F}.Release|Any CPU.ActiveCfg = Release|Any CPU
		{1924FDD9-64D9-4C74-884D-1D27BAE4BC8F}.Release|Any CPU.Build.0 = Release|Any CPU
	EndGlobalSection
	GlobalSection(SolutionProperties) = preSolution
		HideSolutionNode = FALSE
	EndGlobalSection
	GlobalSection(NestedProjects) = preSolution
		{58A3B319-72A7-45F7-B172-AC97B925E237} = {47523734-4B94-4780-982B-B19AB22027F2}
		{0C1CBF76-F41F-4DB3-A2DB-4BAAF6BAE7B5} = {47523734-4B94-4780-982B-B19AB22027F2}
		{B41D7587-1114-4C35-B465-D5908861D52C} = {47523734-4B94-4780-982B-B19AB22027F2}
		{CC7E47A2-75DA-44ED-94BE-50351B50927C} = {70382BDE-8E2D-476A-9AB2-ECA2EF5A89A8}
		{13178B61-3C6A-48E2-BEE2-29325B02E4CA} = {47523734-4B94-4780-982B-B19AB22027F2}
		{BFF2AB05-5D7C-4D34-BFC8-9A84899C76FA} = {79A89FD9-5042-4035-93C2-F96B40B2B11B}
		{0F0B462C-FB7C-4449-8DFD-21C4DDB30712} = {6E9A2D00-17E3-478F-AF8D-97F66597B5C3}
		{B2FF7968-E033-48C2-8DB9-19748F51AD95} = {70382BDE-8E2D-476A-9AB2-ECA2EF5A89A8}
		{E4920D8B-CB23-425C-BB5B-0519D474022E} = {0774B827-3CEC-4EBC-A24F-F5B386DA65D5}
		{D7E9257D-023B-4F1E-91A1-77CF88AF40BA} = {A1E2D70A-D73C-4539-93CE-4395EDEE0CAB}
		{F3073051-A2A6-4CF6-9A08-8C6888BFE19F} = {A1E2D70A-D73C-4539-93CE-4395EDEE0CAB}
		{1924FDD9-64D9-4C74-884D-1D27BAE4BC8F} = {C4C04023-A17F-418C-8FB1-91CCCCDDE3B0}
	EndGlobalSection
	GlobalSection(TeamFoundationVersionControl) = preSolution
		SccNumberOfProjects = 2
		SccEnterpriseProvider = {4CA58AB2-18FA-4F8D-95D4-32DDF27D184C}
		SccTeamFoundationServer = https://tfs2012.hitachiconsulting.com/tfs/microsoft%20platform
		SccProjectUniqueName0 = ..\\..\\..\\..\\Source\\Workspaces\\MCRS\\OnPrem\\Hitachi.MCRS\\MSMQReceiverApp\\MSMQReceiverApp.csproj
		SccProjectTopLevelParentUniqueName0 = arrgh.sln
		SccProjectName0 = $/MCRS/OnPrem/Hitachi.MCRS/MSMQReceiverApp
		SccAuxPath0 = https://tfs2012.hitachiconsulting.com/tfs/microsoft%20platform
		SccLocalPath0 = ..\\..\\..\\..\\Source\\Workspaces\\MCRS\\OnPrem\\Hitachi.MCRS\\MSMQReceiverApp
		SccProvider0 = {4CA58AB2-18FA-4F8D-95D4-32DDF27D184C}
		SccProjectUniqueName1 = ..\\..\\..\\..\\Source\\Workspaces\\MCRS\\OnPrem\\Hitachi.MCRS\\ProcessingMSMQApp\\ProcessingMSMQApp.csproj
		SccProjectTopLevelParentUniqueName1 = arrgh.sln
		SccProjectName1 = $/MCRS/OnPrem/Hitachi.MCRS/ProcessingMSMQApp
		SccAuxPath1 = https://tfs2012.hitachiconsulting.com/tfs/microsoft%20platform
		SccLocalPath1 = ..\\..\\..\\..\\Source\\Workspaces\\MCRS\\OnPrem\\Hitachi.MCRS\\ProcessingMSMQApp
		SccProvider1 = {4CA58AB2-18FA-4F8D-95D4-32DDF27D184C}
	EndGlobalSection
EndGlobal
